// !$*UTF8*$!
{
	archiveVersion = 1;
	classes = {
	};
	objectVersion = 46;
	objects = {

/* Begin PBXBuildFile section */
		F66C97ED163E254A00E8782A /* Foundation.framework in Frameworks */ = {isa = PBXBuildFile; fileRef = F66C97EC163E254A00E8782A /* Foundation.framework */; };
		F66C97EF163E254A00E8782A /* UIKit.framework in Frameworks */ = {isa = PBXBuildFile; fileRef = F66C97EE163E254A00E8782A /* UIKit.framework */; };
		F66C97F1163E254A00E8782A /* CoreGraphics.framework in Frameworks */ = {isa = PBXBuildFile; fileRef = F66C97F0163E254A00E8782A /* CoreGraphics.framework */; };
		F66C97F3163E254A00E8782A /* AddressBook.framework in Frameworks */ = {isa = PBXBuildFile; fileRef = F66C97F2163E254A00E8782A /* AddressBook.framework */; };
		F66C97F5163E254A00E8782A /* AddressBookUI.framework in Frameworks */ = {isa = PBXBuildFile; fileRef = F66C97F4163E254A00E8782A /* AddressBookUI.framework */; };
		F66C97F7163E254A00E8782A /* AudioToolbox.framework in Frameworks */ = {isa = PBXBuildFile; fileRef = F66C97F6163E254A00E8782A /* AudioToolbox.framework */; };
		F66C97F9163E254A00E8782A /* AVFoundation.framework in Frameworks */ = {isa = PBXBuildFile; fileRef = F66C97F8163E254A00E8782A /* AVFoundation.framework */; };
		F66C97FB163E254A00E8782A /* CoreLocation.framework in Frameworks */ = {isa = PBXBuildFile; fileRef = F66C97FA163E254A00E8782A /* CoreLocation.framework */; };
		F66C97FD163E254A00E8782A /* MediaPlayer.framework in Frameworks */ = {isa = PBXBuildFile; fileRef = F66C97FC163E254A00E8782A /* MediaPlayer.framework */; };
		F66C97FF163E254A00E8782A /* QuartzCore.framework in Frameworks */ = {isa = PBXBuildFile; fileRef = F66C97FE163E254A00E8782A /* QuartzCore.framework */; };
		F66C9801163E254A00E8782A /* SystemConfiguration.framework in Frameworks */ = {isa = PBXBuildFile; fileRef = F66C9800163E254A00E8782A /* SystemConfiguration.framework */; };
		F66C9803163E254A00E8782A /* MobileCoreServices.framework in Frameworks */ = {isa = PBXBuildFile; fileRef = F66C9802163E254A00E8782A /* MobileCoreServices.framework */; };
		F66C9805163E254A00E8782A /* CoreMedia.framework in Frameworks */ = {isa = PBXBuildFile; fileRef = F66C9804163E254A00E8782A /* CoreMedia.framework */; };
		F66C980B163E254A00E8782A /* InfoPlist.strings in Resources */ = {isa = PBXBuildFile; fileRef = F66C9809163E254A00E8782A /* InfoPlist.strings */; };
		F66C980D163E254A00E8782A /* main.m in Sources */ = {isa = PBXBuildFile; fileRef = F66C980C163E254A00E8782A /* main.m */; };
		F66C9815163E254B00E8782A /* Localizable.strings in Resources */ = {isa = PBXBuildFile; fileRef = F66C9813163E254B00E8782A /* Localizable.strings */; };
		F66C9819163E254B00E8782A /* Localizable.strings in Resources */ = {isa = PBXBuildFile; fileRef = F66C9817163E254B00E8782A /* Localizable.strings */; };
		F66C981D163E254B00E8782A /* Localizable.strings in Resources */ = {isa = PBXBuildFile; fileRef = F66C981B163E254B00E8782A /* Localizable.strings */; };
		F66C9821163E254B00E8782A /* Localizable.strings in Resources */ = {isa = PBXBuildFile; fileRef = F66C981F163E254B00E8782A /* Localizable.strings */; };
		F66C9824163E254B00E8782A /* icon.png in Resources */ = {isa = PBXBuildFile; fileRef = F66C9823163E254B00E8782A /* icon.png */; };
		F66C9826163E254B00E8782A /* icon@2x.png in Resources */ = {isa = PBXBuildFile; fileRef = F66C9825163E254B00E8782A /* icon@2x.png */; };
		F66C9828163E254B00E8782A /* icon-72.png in Resources */ = {isa = PBXBuildFile; fileRef = F66C9827163E254B00E8782A /* icon-72.png */; };
		F66C982B163E254B00E8782A /* Default~iphone.png in Resources */ = {isa = PBXBuildFile; fileRef = F66C982A163E254B00E8782A /* Default~iphone.png */; };
		F66C982D163E254B00E8782A /* Default@2x~iphone.png in Resources */ = {isa = PBXBuildFile; fileRef = F66C982C163E254B00E8782A /* Default@2x~iphone.png */; };
		F66C982F163E254B00E8782A /* Capture.bundle in Resources */ = {isa = PBXBuildFile; fileRef = F66C982E163E254B00E8782A /* Capture.bundle */; };
		F66C9831163E254B00E8782A /* Cordova.plist in Resources */ = {isa = PBXBuildFile; fileRef = F66C9830163E254B00E8782A /* Cordova.plist */; };
		F66C9835163E254B00E8782A /* AppDelegate.m in Sources */ = {isa = PBXBuildFile; fileRef = F66C9834163E254B00E8782A /* AppDelegate.m */; };
		F66C9838163E254B00E8782A /* MainViewController.m in Sources */ = {isa = PBXBuildFile; fileRef = F66C9837163E254B00E8782A /* MainViewController.m */; };
		F66C983A163E254B00E8782A /* MainViewController.xib in Resources */ = {isa = PBXBuildFile; fileRef = F66C9839163E254B00E8782A /* MainViewController.xib */; };
		F66C9848163E27CD00E8782A /* www in Resources */ = {isa = PBXBuildFile; fileRef = F66C9847163E27CD00E8782A /* www */; };
		F66C9851163E288100E8782A /* WizUtils.m in Sources */ = {isa = PBXBuildFile; fileRef = F66C9850163E288100E8782A /* WizUtils.m */; };
		F67EC3D4163FA9790027299C /* Default-568h@2x.png in Resources */ = {isa = PBXBuildFile; fileRef = F67EC3D3163FA9790027299C /* Default-568h@2x.png */; };
		F6D13D4C1671D75100EE7F6F /* Cordova.framework in Frameworks */ = {isa = PBXBuildFile; fileRef = F6D13D4B1671D75100EE7F6F /* Cordova.framework */; };
/* End PBXBuildFile section */

/* Begin PBXFileReference section */
		F66C97E8163E254A00E8782A /* exampleWizUtils.app */ = {isa = PBXFileReference; explicitFileType = wrapper.application; includeInIndex = 0; path = exampleWizUtils.app; sourceTree = BUILT_PRODUCTS_DIR; };
		F66C97EC163E254A00E8782A /* Foundation.framework */ = {isa = PBXFileReference; lastKnownFileType = wrapper.framework; name = Foundation.framework; path = System/Library/Frameworks/Foundation.framework; sourceTree = SDKROOT; };
		F66C97EE163E254A00E8782A /* UIKit.framework */ = {isa = PBXFileReference; lastKnownFileType = wrapper.framework; name = UIKit.framework; path = System/Library/Frameworks/UIKit.framework; sourceTree = SDKROOT; };
		F66C97F0163E254A00E8782A /* CoreGraphics.framework */ = {isa = PBXFileReference; lastKnownFileType = wrapper.framework; name = CoreGraphics.framework; path = System/Library/Frameworks/CoreGraphics.framework; sourceTree = SDKROOT; };
		F66C97F2163E254A00E8782A /* AddressBook.framework */ = {isa = PBXFileReference; lastKnownFileType = wrapper.framework; name = AddressBook.framework; path = System/Library/Frameworks/AddressBook.framework; sourceTree = SDKROOT; };
		F66C97F4163E254A00E8782A /* AddressBookUI.framework */ = {isa = PBXFileReference; lastKnownFileType = wrapper.framework; name = AddressBookUI.framework; path = System/Library/Frameworks/AddressBookUI.framework; sourceTree = SDKROOT; };
		F66C97F6163E254A00E8782A /* AudioToolbox.framework */ = {isa = PBXFileReference; lastKnownFileType = wrapper.framework; name = AudioToolbox.framework; path = System/Library/Frameworks/AudioToolbox.framework; sourceTree = SDKROOT; };
		F66C97F8163E254A00E8782A /* AVFoundation.framework */ = {isa = PBXFileReference; lastKnownFileType = wrapper.framework; name = AVFoundation.framework; path = System/Library/Frameworks/AVFoundation.framework; sourceTree = SDKROOT; };
		F66C97FA163E254A00E8782A /* CoreLocation.framework */ = {isa = PBXFileReference; lastKnownFileType = wrapper.framework; name = CoreLocation.framework; path = System/Library/Frameworks/CoreLocation.framework; sourceTree = SDKROOT; };
		F66C97FC163E254A00E8782A /* MediaPlayer.framework */ = {isa = PBXFileReference; lastKnownFileType = wrapper.framework; name = MediaPlayer.framework; path = System/Library/Frameworks/MediaPlayer.framework; sourceTree = SDKROOT; };
		F66C97FE163E254A00E8782A /* QuartzCore.framework */ = {isa = PBXFileReference; lastKnownFileType = wrapper.framework; name = QuartzCore.framework; path = System/Library/Frameworks/QuartzCore.framework; sourceTree = SDKROOT; };
		F66C9800163E254A00E8782A /* SystemConfiguration.framework */ = {isa = PBXFileReference; lastKnownFileType = wrapper.framework; name = SystemConfiguration.framework; path = System/Library/Frameworks/SystemConfiguration.framework; sourceTree = SDKROOT; };
		F66C9802163E254A00E8782A /* MobileCoreServices.framework */ = {isa = PBXFileReference; lastKnownFileType = wrapper.framework; name = MobileCoreServices.framework; path = System/Library/Frameworks/MobileCoreServices.framework; sourceTree = SDKROOT; };
		F66C9804163E254A00E8782A /* CoreMedia.framework */ = {isa = PBXFileReference; lastKnownFileType = wrapper.framework; name = CoreMedia.framework; path = System/Library/Frameworks/CoreMedia.framework; sourceTree = SDKROOT; };
		F66C9808163E254A00E8782A /* exampleWizUtils-Info.plist */ = {isa = PBXFileReference; lastKnownFileType = text.plist.xml; path = "exampleWizUtils-Info.plist"; sourceTree = "<group>"; };
		F66C980A163E254A00E8782A /* en */ = {isa = PBXFileReference; lastKnownFileType = text.plist.strings; name = en; path = en.lproj/InfoPlist.strings; sourceTree = "<group>"; };
		F66C980C163E254A00E8782A /* main.m */ = {isa = PBXFileReference; lastKnownFileType = sourcecode.c.objc; path = main.m; sourceTree = "<group>"; };
		F66C980E163E254A00E8782A /* exampleWizUtils-Prefix.pch */ = {isa = PBXFileReference; lastKnownFileType = sourcecode.c.h; path = "exampleWizUtils-Prefix.pch"; sourceTree = "<group>"; };
		F66C9814163E254B00E8782A /* en */ = {isa = PBXFileReference; lastKnownFileType = text.plist.strings; name = en; path = Resources/en.lproj/Localizable.strings; sourceTree = "<group>"; };
		F66C9818163E254B00E8782A /* es */ = {isa = PBXFileReference; lastKnownFileType = text.plist.strings; name = es; path = Resources/es.lproj/Localizable.strings; sourceTree = "<group>"; };
		F66C981C163E254B00E8782A /* de */ = {isa = PBXFileReference; lastKnownFileType = text.plist.strings; name = de; path = Resources/de.lproj/Localizable.strings; sourceTree = "<group>"; };
		F66C9820163E254B00E8782A /* se */ = {isa = PBXFileReference; lastKnownFileType = text.plist.strings; name = se; path = Resources/se.lproj/Localizable.strings; sourceTree = "<group>"; };
		F66C9823163E254B00E8782A /* icon.png */ = {isa = PBXFileReference; lastKnownFileType = image.png; name = icon.png; path = Resources/icons/icon.png; sourceTree = "<group>"; };
		F66C9825163E254B00E8782A /* icon@2x.png */ = {isa = PBXFileReference; lastKnownFileType = image.png; name = "icon@2x.png"; path = "Resources/icons/icon@2x.png"; sourceTree = "<group>"; };
		F66C9827163E254B00E8782A /* icon-72.png */ = {isa = PBXFileReference; lastKnownFileType = image.png; name = "icon-72.png"; path = "Resources/icons/icon-72.png"; sourceTree = "<group>"; };
		F66C982A163E254B00E8782A /* Default~iphone.png */ = {isa = PBXFileReference; lastKnownFileType = image.png; name = "Default~iphone.png"; path = "Resources/splash/Default~iphone.png"; sourceTree = "<group>"; };
		F66C982C163E254B00E8782A /* Default@2x~iphone.png */ = {isa = PBXFileReference; lastKnownFileType = image.png; name = "Default@2x~iphone.png"; path = "Resources/splash/Default@2x~iphone.png"; sourceTree = "<group>"; };
		F66C982E163E254B00E8782A /* Capture.bundle */ = {isa = PBXFileReference; lastKnownFileType = "wrapper.plug-in"; name = Capture.bundle; path = Resources/Capture.bundle; sourceTree = "<group>"; };
		F66C9830163E254B00E8782A /* Cordova.plist */ = {isa = PBXFileReference; lastKnownFileType = text.plist.xml; path = Cordova.plist; sourceTree = "<group>"; };
		F66C9833163E254B00E8782A /* AppDelegate.h */ = {isa = PBXFileReference; lastKnownFileType = sourcecode.c.h; name = AppDelegate.h; path = Classes/AppDelegate.h; sourceTree = "<group>"; };
		F66C9834163E254B00E8782A /* AppDelegate.m */ = {isa = PBXFileReference; lastKnownFileType = sourcecode.c.objc; name = AppDelegate.m; path = Classes/AppDelegate.m; sourceTree = "<group>"; };
		F66C9836163E254B00E8782A /* MainViewController.h */ = {isa = PBXFileReference; lastKnownFileType = sourcecode.c.h; name = MainViewController.h; path = Classes/MainViewController.h; sourceTree = "<group>"; };
		F66C9837163E254B00E8782A /* MainViewController.m */ = {isa = PBXFileReference; lastKnownFileType = sourcecode.c.objc; name = MainViewController.m; path = Classes/MainViewController.m; sourceTree = "<group>"; };
		F66C9839163E254B00E8782A /* MainViewController.xib */ = {isa = PBXFileReference; lastKnownFileType = file.xib; name = MainViewController.xib; path = Classes/MainViewController.xib; sourceTree = "<group>"; };
		F66C983C163E254B00E8782A /* README */ = {isa = PBXFileReference; lastKnownFileType = text; name = README; path = Plugins/README; sourceTree = "<group>"; };
		F66C983D163E254B00E8782A /* verify.sh */ = {isa = PBXFileReference; lastKnownFileType = text.script.sh; path = verify.sh; sourceTree = "<group>"; };
		F66C9847163E27CD00E8782A /* www */ = {isa = PBXFileReference; lastKnownFileType = folder; name = www; path = ../www; sourceTree = "<group>"; };
		F66C984F163E288100E8782A /* WizUtils.h */ = {isa = PBXFileReference; fileEncoding = 4; lastKnownFileType = sourcecode.c.h; path = WizUtils.h; sourceTree = "<group>"; };
		F66C9850163E288100E8782A /* WizUtils.m */ = {isa = PBXFileReference; fileEncoding = 4; lastKnownFileType = sourcecode.c.objc; path = WizUtils.m; sourceTree = "<group>"; };
		F66C9856163E338A00E8782A /* WizDebugLog.h */ = {isa = PBXFileReference; fileEncoding = 4; lastKnownFileType = sourcecode.c.h; path = WizDebugLog.h; sourceTree = "<group>"; };
		F67EC3D3163FA9790027299C /* Default-568h@2x.png */ = {isa = PBXFileReference; lastKnownFileType = image.png; name = "Default-568h@2x.png"; path = "Resources/splash/Default-568h@2x.png"; sourceTree = "<group>"; };
		F6D13D4B1671D75100EE7F6F /* Cordova.framework */ = {isa = PBXFileReference; lastKnownFileType = wrapper.framework; name = Cordova.framework; path = Frameworks/Cordova.framework; sourceTree = "<group>"; };
/* End PBXFileReference section */

/* Begin PBXFrameworksBuildPhase section */
		F66C97E2163E254A00E8782A /* Frameworks */ = {
			isa = PBXFrameworksBuildPhase;
			buildActionMask = 2147483647;
			files = (
				F6D13D4C1671D75100EE7F6F /* Cordova.framework in Frameworks */,
				F66C97ED163E254A00E8782A /* Foundation.framework in Frameworks */,
				F66C97EF163E254A00E8782A /* UIKit.framework in Frameworks */,
				F66C97F1163E254A00E8782A /* CoreGraphics.framework in Frameworks */,
				F66C97F3163E254A00E8782A /* AddressBook.framework in Frameworks */,
				F66C97F5163E254A00E8782A /* AddressBookUI.framework in Frameworks */,
				F66C97F7163E254A00E8782A /* AudioToolbox.framework in Frameworks */,
				F66C97F9163E254A00E8782A /* AVFoundation.framework in Frameworks */,
				F66C97FB163E254A00E8782A /* CoreLocation.framework in Frameworks */,
				F66C97FD163E254A00E8782A /* MediaPlayer.framework in Frameworks */,
				F66C97FF163E254A00E8782A /* QuartzCore.framework in Frameworks */,
				F66C9801163E254A00E8782A /* SystemConfiguration.framework in Frameworks */,
				F66C9803163E254A00E8782A /* MobileCoreServices.framework in Frameworks */,
				F66C9805163E254A00E8782A /* CoreMedia.framework in Frameworks */,
			);
			runOnlyForDeploymentPostprocessing = 0;
		};
		F66C97E5163E254A00E8782A /* Frameworks */ = {
			isa = PBXFrameworksBuildPhase;
			buildActionMask = 2147483647;
			files = (
			);
			runOnlyForDeploymentPostprocessing = 0;
		};
/* End PBXFrameworksBuildPhase section */

/* Begin PBXGroup section */
		F66C97DA163E254A00E8782A = {
			isa = PBXGroup;
			children = (
				F66C9847163E27CD00E8782A /* www */,
				F66C9806163E254A00E8782A /* exampleWizUtils */,
				F66C97EB163E254A00E8782A /* Frameworks */,
				F66C97E9163E254A00E8782A /* Products */,
			);
			sourceTree = "<group>";
		};
		F66C97E9163E254A00E8782A /* Products */ = {
			isa = PBXGroup;
			children = (
				F66C97E8163E254A00E8782A /* exampleWizUtils.app */,
			);
			name = Products;
			sourceTree = "<group>";
		};
		F66C97EB163E254A00E8782A /* Frameworks */ = {
			isa = PBXGroup;
			children = (
				F6D13D4B1671D75100EE7F6F /* Cordova.framework */,
				F66C97EC163E254A00E8782A /* Foundation.framework */,
				F66C97EE163E254A00E8782A /* UIKit.framework */,
				F66C97F0163E254A00E8782A /* CoreGraphics.framework */,
				F66C97F2163E254A00E8782A /* AddressBook.framework */,
				F66C97F4163E254A00E8782A /* AddressBookUI.framework */,
				F66C97F6163E254A00E8782A /* AudioToolbox.framework */,
				F66C97F8163E254A00E8782A /* AVFoundation.framework */,
				F66C97FA163E254A00E8782A /* CoreLocation.framework */,
				F66C97FC163E254A00E8782A /* MediaPlayer.framework */,
				F66C97FE163E254A00E8782A /* QuartzCore.framework */,
				F66C9800163E254A00E8782A /* SystemConfiguration.framework */,
				F66C9802163E254A00E8782A /* MobileCoreServices.framework */,
				F66C9804163E254A00E8782A /* CoreMedia.framework */,
			);
			name = Frameworks;
			sourceTree = "<group>";
		};
		F66C9806163E254A00E8782A /* exampleWizUtils */ = {
			isa = PBXGroup;
			children = (
				F66C9811163E254B00E8782A /* Resources */,
				F66C9832163E254B00E8782A /* Classes */,
				F66C983B163E254B00E8782A /* Plugins */,
				F66C9807163E254A00E8782A /* Supporting Files */,
			);
			path = exampleWizUtils;
			sourceTree = "<group>";
		};
		F66C9807163E254A00E8782A /* Supporting Files */ = {
			isa = PBXGroup;
			children = (
				F66C9808163E254A00E8782A /* exampleWizUtils-Info.plist */,
				F66C9809163E254A00E8782A /* InfoPlist.strings */,
				F66C980C163E254A00E8782A /* main.m */,
				F66C980E163E254A00E8782A /* exampleWizUtils-Prefix.pch */,
				F66C9830163E254B00E8782A /* Cordova.plist */,
				F66C9839163E254B00E8782A /* MainViewController.xib */,
				F66C983D163E254B00E8782A /* verify.sh */,
			);
			name = "Supporting Files";
			sourceTree = "<group>";
		};
		F66C9811163E254B00E8782A /* Resources */ = {
			isa = PBXGroup;
			children = (
				F66C982E163E254B00E8782A /* Capture.bundle */,
				F66C9812163E254B00E8782A /* en.lproj */,
				F66C9816163E254B00E8782A /* es.lproj */,
				F66C981A163E254B00E8782A /* de.lproj */,
				F66C981E163E254B00E8782A /* se.lproj */,
				F66C9822163E254B00E8782A /* icons */,
				F66C9829163E254B00E8782A /* splash */,
			);
			name = Resources;
			sourceTree = "<group>";
		};
		F66C9812163E254B00E8782A /* en.lproj */ = {
			isa = PBXGroup;
			children = (
				F66C9813163E254B00E8782A /* Localizable.strings */,
			);
			name = en.lproj;
			sourceTree = "<group>";
		};
		F66C9816163E254B00E8782A /* es.lproj */ = {
			isa = PBXGroup;
			children = (
				F66C9817163E254B00E8782A /* Localizable.strings */,
			);
			name = es.lproj;
			sourceTree = "<group>";
		};
		F66C981A163E254B00E8782A /* de.lproj */ = {
			isa = PBXGroup;
			children = (
				F66C981B163E254B00E8782A /* Localizable.strings */,
			);
			name = de.lproj;
			sourceTree = "<group>";
		};
		F66C981E163E254B00E8782A /* se.lproj */ = {
			isa = PBXGroup;
			children = (
				F66C981F163E254B00E8782A /* Localizable.strings */,
			);
			name = se.lproj;
			sourceTree = "<group>";
		};
		F66C9822163E254B00E8782A /* icons */ = {
			isa = PBXGroup;
			children = (
				F66C9823163E254B00E8782A /* icon.png */,
				F66C9825163E254B00E8782A /* icon@2x.png */,
				F66C9827163E254B00E8782A /* icon-72.png */,
			);
			name = icons;
			sourceTree = "<group>";
		};
		F66C9829163E254B00E8782A /* splash */ = {
			isa = PBXGroup;
			children = (
				F67EC3D3163FA9790027299C /* Default-568h@2x.png */,
				F66C982A163E254B00E8782A /* Default~iphone.png */,
				F66C982C163E254B00E8782A /* Default@2x~iphone.png */,
			);
			name = splash;
			sourceTree = "<group>";
		};
		F66C9832163E254B00E8782A /* Classes */ = {
			isa = PBXGroup;
			children = (
				F66C9833163E254B00E8782A /* AppDelegate.h */,
				F66C9834163E254B00E8782A /* AppDelegate.m */,
				F66C9836163E254B00E8782A /* MainViewController.h */,
				F66C9837163E254B00E8782A /* MainViewController.m */,
			);
			name = Classes;
			sourceTree = "<group>";
		};
		F66C983B163E254B00E8782A /* Plugins */ = {
			isa = PBXGroup;
			children = (
				F66C984E163E288100E8782A /* WizUtils */,
				F66C983C163E254B00E8782A /* README */,
			);
			name = Plugins;
			sourceTree = "<group>";
		};
		F66C984E163E288100E8782A /* WizUtils */ = {
			isa = PBXGroup;
			children = (
				F66C9856163E338A00E8782A /* WizDebugLog.h */,
				F66C984F163E288100E8782A /* WizUtils.h */,
				F66C9850163E288100E8782A /* WizUtils.m */,
			);
			name = WizUtils;
			path = ../../../ios/project/Plugins/WizUtils;
			sourceTree = "<group>";
		};
/* End PBXGroup section */

/* Begin PBXNativeTarget section */
		F66C97E7163E254A00E8782A /* exampleWizUtils */ = {
			isa = PBXNativeTarget;
			buildConfigurationList = F66C9840163E254B00E8782A /* Build configuration list for PBXNativeTarget "exampleWizUtils" */;
			buildPhases = (
				F66C9859163E35E200E8782A /* ShellScript */,
				F66C97E1163E254A00E8782A /* Sources */,
				F66C97E2163E254A00E8782A /* Frameworks */,
				F66C97E3163E254A00E8782A /* Resources */,
				F66C97E4163E254A00E8782A /* Sources */,
				F66C97E5163E254A00E8782A /* Frameworks */,
				F66C97E6163E254A00E8782A /* ShellScript */,
			);
			buildRules = (
			);
			dependencies = (
			);
			name = exampleWizUtils;
			productName = exampleWizUtils;
			productReference = F66C97E8163E254A00E8782A /* exampleWizUtils.app */;
			productType = "com.apple.product-type.application";
		};
/* End PBXNativeTarget section */

/* Begin PBXProject section */
		F66C97DC163E254A00E8782A /* Project object */ = {
			isa = PBXProject;
			attributes = {
				LastUpgradeCheck = 0450;
				ORGANIZATIONNAME = Wizcorp;
			};
			buildConfigurationList = F66C97DF163E254A00E8782A /* Build configuration list for PBXProject "exampleWizUtils" */;
			compatibilityVersion = "Xcode 3.2";
			developmentRegion = English;
			hasScannedForEncodings = 0;
			knownRegions = (
				en,
				es,
				de,
				se,
			);
			mainGroup = F66C97DA163E254A00E8782A;
			productRefGroup = F66C97E9163E254A00E8782A /* Products */;
			projectDirPath = "";
			projectRoot = "";
			targets = (
				F66C97E7163E254A00E8782A /* exampleWizUtils */,
			);
		};
/* End PBXProject section */

/* Begin PBXResourcesBuildPhase section */
		F66C97E3163E254A00E8782A /* Resources */ = {
			isa = PBXResourcesBuildPhase;
			buildActionMask = 2147483647;
			files = (
				F66C980B163E254A00E8782A /* InfoPlist.strings in Resources */,
				F66C9815163E254B00E8782A /* Localizable.strings in Resources */,
				F66C9819163E254B00E8782A /* Localizable.strings in Resources */,
				F66C981D163E254B00E8782A /* Localizable.strings in Resources */,
				F66C9821163E254B00E8782A /* Localizable.strings in Resources */,
				F66C9824163E254B00E8782A /* icon.png in Resources */,
				F66C9826163E254B00E8782A /* icon@2x.png in Resources */,
				F66C9828163E254B00E8782A /* icon-72.png in Resources */,
				F66C982B163E254B00E8782A /* Default~iphone.png in Resources */,
				F66C982D163E254B00E8782A /* Default@2x~iphone.png in Resources */,
				F66C982F163E254B00E8782A /* Capture.bundle in Resources */,
				F66C9831163E254B00E8782A /* Cordova.plist in Resources */,
				F66C983A163E254B00E8782A /* MainViewController.xib in Resources */,
				F66C9848163E27CD00E8782A /* www in Resources */,
				F67EC3D4163FA9790027299C /* Default-568h@2x.png in Resources */,
			);
			runOnlyForDeploymentPostprocessing = 0;
		};
/* End PBXResourcesBuildPhase section */

/* Begin PBXShellScriptBuildPhase section */
		F66C97E6163E254A00E8782A /* ShellScript */ = {
			isa = PBXShellScriptBuildPhase;
			buildActionMask = 2147483647;
			files = (
			);
			inputPaths = (
			);
			outputPaths = (
			);
			runOnlyForDeploymentPostprocessing = 0;
			shellPath = /bin/bash;
			shellScript = "";
		};
		F66C9859163E35E200E8782A /* ShellScript */ = {
			isa = PBXShellScriptBuildPhase;
			buildActionMask = 2147483647;
			files = (
			);
			inputPaths = (
			);
			outputPaths = (
			);
			runOnlyForDeploymentPostprocessing = 0;
			shellPath = /bin/sh;
			shellScript = "mkdir -p $PROJECT_DIR/../www/phonegap\ncp -r $PROJECT_DIR/../../www/phonegap $PROJECT_DIR/../www";
		};
/* End PBXShellScriptBuildPhase section */

/* Begin PBXSourcesBuildPhase section */
		F66C97E1163E254A00E8782A /* Sources */ = {
			isa = PBXSourcesBuildPhase;
			buildActionMask = 2147483647;
			files = (
				F66C980D163E254A00E8782A /* main.m in Sources */,
				F66C9835163E254B00E8782A /* AppDelegate.m in Sources */,
				F66C9838163E254B00E8782A /* MainViewController.m in Sources */,
				F66C9851163E288100E8782A /* WizUtils.m in Sources */,
			);
			runOnlyForDeploymentPostprocessing = 0;
		};
		F66C97E4163E254A00E8782A /* Sources */ = {
			isa = PBXSourcesBuildPhase;
			buildActionMask = 2147483647;
			files = (
			);
			runOnlyForDeploymentPostprocessing = 0;
		};
/* End PBXSourcesBuildPhase section */

/* Begin PBXVariantGroup section */
		F66C9809163E254A00E8782A /* InfoPlist.strings */ = {
			isa = PBXVariantGroup;
			children = (
				F66C980A163E254A00E8782A /* en */,
			);
			name = InfoPlist.strings;
			sourceTree = "<group>";
		};
		F66C9813163E254B00E8782A /* Localizable.strings */ = {
			isa = PBXVariantGroup;
			children = (
				F66C9814163E254B00E8782A /* en */,
			);
			name = Localizable.strings;
			sourceTree = "<group>";
		};
		F66C9817163E254B00E8782A /* Localizable.strings */ = {
			isa = PBXVariantGroup;
			children = (
				F66C9818163E254B00E8782A /* es */,
			);
			name = Localizable.strings;
			sourceTree = "<group>";
		};
		F66C981B163E254B00E8782A /* Localizable.strings */ = {
			isa = PBXVariantGroup;
			children = (
				F66C981C163E254B00E8782A /* de */,
			);
			name = Localizable.strings;
			sourceTree = "<group>";
		};
		F66C981F163E254B00E8782A /* Localizable.strings */ = {
			isa = PBXVariantGroup;
			children = (
				F66C9820163E254B00E8782A /* se */,
			);
			name = Localizable.strings;
			sourceTree = "<group>";
		};
/* End PBXVariantGroup section */

/* Begin XCBuildConfiguration section */
		F66C983E163E254B00E8782A /* Debug */ = {
			isa = XCBuildConfiguration;
			buildSettings = {
				ALWAYS_SEARCH_USER_PATHS = NO;
				ARCHS = (
					armv6,
					"$(ARCHS_STANDARD_32_BIT)",
				);
				CLANG_CXX_LANGUAGE_STANDARD = "gnu++0x";
				CLANG_CXX_LIBRARY = "libc++";
				CLANG_WARN_EMPTY_BODY = YES;
				CLANG_WARN__DUPLICATE_METHOD_MATCH = YES;
				"CODE_SIGN_IDENTITY[sdk=iphoneos*]" = "iPhone Developer";
				COPY_PHASE_STRIP = NO;
				GCC_C_LANGUAGE_STANDARD = gnu99;
				GCC_DYNAMIC_NO_PIC = NO;
				GCC_OPTIMIZATION_LEVEL = 0;
				GCC_PREPROCESSOR_DEFINITIONS = (
					"DEBUG=1",
					"$(inherited)",
				);
				GCC_SYMBOLS_PRIVATE_EXTERN = NO;
				GCC_VERSION = com.apple.compilers.llvm.clang.1_0;
				GCC_WARN_ABOUT_RETURN_TYPE = YES;
				GCC_WARN_UNINITIALIZED_AUTOS = YES;
				GCC_WARN_UNUSED_VARIABLE = YES;
				IPHONEOS_DEPLOYMENT_TARGET = 3.0;
				ONLY_ACTIVE_ARCH = YES;
				SDKROOT = iphoneos;
			};
			name = Debug;
		};
		F66C983F163E254B00E8782A /* Release */ = {
			isa = XCBuildConfiguration;
			buildSettings = {
				ALWAYS_SEARCH_USER_PATHS = NO;
				ARCHS = (
					armv6,
					"$(ARCHS_STANDARD_32_BIT)",
				);
				CLANG_CXX_LANGUAGE_STANDARD = "gnu++0x";
				CLANG_CXX_LIBRARY = "libc++";
				CLANG_WARN_EMPTY_BODY = YES;
				CLANG_WARN__DUPLICATE_METHOD_MATCH = YES;
				"CODE_SIGN_IDENTITY[sdk=iphoneos*]" = "iPhone Developer";
				COPY_PHASE_STRIP = YES;
				GCC_C_LANGUAGE_STANDARD = gnu99;
				GCC_VERSION = com.apple.compilers.llvm.clang.1_0;
				GCC_WARN_ABOUT_RETURN_TYPE = YES;
				GCC_WARN_UNINITIALIZED_AUTOS = YES;
				GCC_WARN_UNUSED_VARIABLE = YES;
				IPHONEOS_DEPLOYMENT_TARGET = 3.0;
				SDKROOT = iphoneos;
				VALIDATE_PRODUCT = YES;
			};
			name = Release;
		};
		F66C9841163E254B00E8782A /* Debug */ = {
			isa = XCBuildConfiguration;
			buildSettings = {
				ALWAYS_SEARCH_USER_PATHS = YES;
				COPY_PHASE_STRIP = NO;
				FRAMEWORK_SEARCH_PATHS = "\"$(SRCROOT)/Frameworks\"";
				GCC_DYNAMIC_NO_PIC = NO;
				GCC_PRECOMPILE_PREFIX_HEADER = YES;
				GCC_PREFIX_HEADER = "exampleWizUtils/exampleWizUtils-Prefix.pch";
				GCC_PREPROCESSOR_DEFINITIONS = (
					"DEBUG=1,",
					"CORDOVA_FRAMEWORK=1",
				);
				INFOPLIST_FILE = "exampleWizUtils/exampleWizUtils-Info.plist";
				OTHER_LDFLAGS = (
					"-weak_framework",
					UIKit,
					"-weak_framework",
					AVFoundation,
					"-weak_framework",
					CoreMedia,
					"-weak-lSystem",
				);
				PRODUCT_NAME = "$(TARGET_NAME)";
				TARGETED_DEVICE_FAMILY = "1,2";
				WRAPPER_EXTENSION = app;
			};
			name = Debug;
		};
		F66C9842163E254B00E8782A /* Release */ = {
			isa = XCBuildConfiguration;
			buildSettings = {
				ALWAYS_SEARCH_USER_PATHS = YES;
				COPY_PHASE_STRIP = YES;
				DEBUG_INFORMATION_FORMAT = "dwarf-with-dsym";
				FRAMEWORK_SEARCH_PATHS = "\"$(SRCROOT)/Frameworks\"";
				GCC_PRECOMPILE_PREFIX_HEADER = YES;
				GCC_PREFIX_HEADER = "exampleWizUtils/exampleWizUtils-Prefix.pch";
				GCC_PREPROCESSOR_DEFINITIONS = (
					"NDEBUG=1,",
					"CORDOVA_FRAMEWORK=1",
				);
				INFOPLIST_FILE = "exampleWizUtils/exampleWizUtils-Info.plist";
				OTHER_LDFLAGS = (
					"-weak_framework",
					UIKit,
					"-weak_framework",
					AVFoundation,
					"-weak_framework",
					CoreMedia,
					"-weak-lSystem",
				);
				PRODUCT_NAME = "$(TARGET_NAME)";
				TARGETED_DEVICE_FAMILY = "1,2";
				VALIDATE_PRODUCT = YES;
				WRAPPER_EXTENSION = app;
			};
			name = Release;
		};
/* End XCBuildConfiguration section */

/* Begin XCConfigurationList section */
		F66C97DF163E254A00E8782A /* Build configuration list for PBXProject "exampleWizUtils" */ = {
			isa = XCConfigurationList;
			buildConfigurations = (
				F66C983E163E254B00E8782A /* Debug */,
				F66C983F163E254B00E8782A /* Release */,
			);
			defaultConfigurationIsVisible = 0;
			defaultConfigurationName = Release;
		};
		F66C9840163E254B00E8782A /* Build configuration list for PBXNativeTarget "exampleWizUtils" */ = {
			isa = XCConfigurationList;
			buildConfigurations = (
				F66C9841163E254B00E8782A /* Debug */,
				F66C9842163E254B00E8782A /* Release */,
			);
			defaultConfigurationIsVisible = 0;
			defaultConfigurationName = Release;
		};
/* End XCConfigurationList section */
	};
	rootObject = F66C97DC163E254A00E8782A /* Project object */;
}
